
Microsoft Visual Studio Solution File, Format Version 12.00
# Visual Studio Version 17
VisualStudioVersion = 17.14.36811.4 d17.14
MinimumVisualStudioVersion = 10.0.40219.1
Project("{FAE04EC0-301F-11D3-BF4B-00C04F79EFBC}") = "gdal", "gdal\gdal.csproj", "{A1EF5EB3-8977-46D4-9FEF-5C4206864600}"
EndProject
Global
	GlobalSection(SolutionConfigurationPlatforms) = preSolution
		Debug|Any CPU = Debug|Any CPU
		Release|Any CPU = Release|Any CPU
	EndGlobalSection
	GlobalSection(ProjectConfigurationPlatforms) = postSolution
		{A1EF5EB3-8977-46D4-9FEF-5C4206864600}.Debug|Any CPU.ActiveCfg = Debug|Any CPU
		{A1EF5EB3-8977-46D4-9FEF-5C4206864600}.Debug|Any CPU.Build.0 = Debug|Any CPU
		{A1EF5EB3-8977-46D4-9FEF-5C4206864600}.Release|Any CPU.ActiveCfg = Release|Any CPU
		{A1EF5EB3-8977-46D4-9FEF-5C4206864600}.Release|Any CPU.Build.0 = Release|Any CPU
	EndGlobalSection
	GlobalSection(SolutionProperties) = preSolution
		HideSolutionNode = FALSE
	EndGlobalSection
	GlobalSection(ExtensibilityGlobals) = postSolution
		SolutionGuid = {341394B6-69E3-4533-9D2A-A746A7D70236}
	EndGlobalSection
EndGlobal
